// !$*UTF8*$!
{
	archiveVersion = 1;
	classes = {
	};
	objectVersion = 77;
	objects = {

/* Begin PBXContainerItemProxy section */
		BB8992972D341B9700980B7F /* PBXContainerItemProxy */ = {
			isa = PBXContainerItemProxy;
			containerPortal = BB8992782D341B9500980B7F /* Project object */;
			proxyType = 1;
			remoteGlobalIDString = BB89927F2D341B9500980B7F;
			remoteInfo = APODExplorer;
		};
		BB8992A12D341B9700980B7F /* PBXContainerItemProxy */ = {
			isa = PBXContainerItemProxy;
			containerPortal = BB8992782D341B9500980B7F /* Project object */;
			proxyType = 1;
			remoteGlobalIDString = BB89927F2D341B9500980B7F;
			remoteInfo = APODExplorer;
		};
/* End PBXContainerItemProxy section */

/* Begin PBXFileReference section */
		BB8992802D341B9500980B7F /* APODExplorer.app */ = {isa = PBXFileReference; explicitFileType = wrapper.application; includeInIndex = 0; path = APODExplorer.app; sourceTree = BUILT_PRODUCTS_DIR; };
		BB8992962D341B9700980B7F /* APODExplorerTests.xctest */ = {isa = PBXFileReference; explicitFileType = wrapper.cfbundle; includeInIndex = 0; path = APODExplorerTests.xctest; sourceTree = BUILT_PRODUCTS_DIR; };
		BB8992A02D341B9700980B7F /* APODExplorerUITests.xctest */ = {isa = PBXFileReference; explicitFileType = wrapper.cfbundle; includeInIndex = 0; path = APODExplorerUITests.xctest; sourceTree = BUILT_PRODUCTS_DIR; };
/* End PBXFileReference section */

/* Begin PBXFileSystemSynchronizedBuildFileExceptionSet section */
		BB8992A82D341B9700980B7F /* Exceptions for "APODExplorer" folder in "APODExplorer" target */ = {
			isa = PBXFileSystemSynchronizedBuildFileExceptionSet;
			membershipExceptions = (
				Info.plist,
			);
			target = BB89927F2D341B9500980B7F /* APODExplorer */;
		};
/* End PBXFileSystemSynchronizedBuildFileExceptionSet section */

/* Begin PBXFileSystemSynchronizedRootGroup section */
		BB8992822D341B9500980B7F /* APODExplorer */ = {
			isa = PBXFileSystemSynchronizedRootGroup;
			exceptions = (
				BB8992A82D341B9700980B7F /* Exceptions for "APODExplorer" folder in "APODExplorer" target */,
			);
			path = APODExplorer;
			sourceTree = "<group>";
		};
		BB8992992D341B9700980B7F /* APODExplorerTests */ = {
			isa = PBXFileSystemSynchronizedRootGroup;
			path = APODExplorerTests;
			sourceTree = "<group>";
		};
		BB8992A32D341B9700980B7F /* APODExplorerUITests */ = {
			isa = PBXFileSystemSynchronizedRootGroup;
			path = APODExplorerUITests;
			sourceTree = "<group>";
		};
/* End PBXFileSystemSynchronizedRootGroup section */

/* Begin PBXFrameworksBuildPhase section */
		BB89927D2D341B9500980B7F /* Frameworks */ = {
			isa = PBXFrameworksBuildPhase;
			buildActionMask = 2147483647;
			files = (
			);
			runOnlyForDeploymentPostprocessing = 0;
		};
		BB8992932D341B9700980B7F /* Frameworks */ = {
			isa = PBXFrameworksBuildPhase;
			buildActionMask = 2147483647;
			files = (
			);
			runOnlyForDeploymentPostprocessing = 0;
		};
		BB89929D2D341B9700980B7F /* Frameworks */ = {
			isa = PBXFrameworksBuildPhase;
			buildActionMask = 2147483647;
			files = (
			);
			runOnlyForDeploymentPostprocessing = 0;
		};
/* End PBXFrameworksBuildPhase section */

/* Begin PBXGroup section */
		BB8992772D341B9500980B7F = {
			isa = PBXGroup;
			children = (
				BB8992822D341B9500980B7F /* APODExplorer */,
				BB8992992D341B9700980B7F /* APODExplorerTests */,
				BB8992A32D341B9700980B7F /* APODExplorerUITests */,
				BB8992812D341B9500980B7F /* Products */,
			);
			sourceTree = "<group>";
		};
		BB8992812D341B9500980B7F /* Products */ = {
			isa = PBXGroup;
			children = (
				BB8992802D341B9500980B7F /* APODExplorer.app */,
				BB8992962D341B9700980B7F /* APODExplorerTests.xctest */,
				BB8992A02D341B9700980B7F /* APODExplorerUITests.xctest */,
			);
			name = Products;
			sourceTree = "<group>";
		};
/* End PBXGroup section */

/* Begin PBXNativeTarget section */
		BB89927F2D341B9500980B7F /* APODExplorer */ = {
			isa = PBXNativeTarget;
			buildConfigurationList = BB8992A92D341B9700980B7F /* Build configuration list for PBXNativeTarget "APODExplorer" */;
			buildPhases = (
				BB89927C2D341B9500980B7F /* Sources */,
				BB89927D2D341B9500980B7F /* Frameworks */,
				BB89927E2D341B9500980B7F /* Resources */,
			);
			buildRules = (
			);
			dependencies = (
			);
			fileSystemSynchronizedGroups = (
				BB8992822D341B9500980B7F /* APODExplorer */,
			);
			name = APODExplorer;
			packageProductDependencies = (
			);
			productName = APODExplorer;
			productReference = BB8992802D341B9500980B7F /* APODExplorer.app */;
			productType = "com.apple.product-type.application";
		};
		BB8992952D341B9700980B7F /* APODExplorerTests */ = {
			isa = PBXNativeTarget;
			buildConfigurationList = BB8992AE2D341B9700980B7F /* Build configuration list for PBXNativeTarget "APODExplorerTests" */;
			buildPhases = (
				BB8992922D341B9700980B7F /* Sources */,
				BB8992932D341B9700980B7F /* Frameworks */,
				BB8992942D341B9700980B7F /* Resources */,
			);
			buildRules = (
			);
			dependencies = (
				BB8992982D341B9700980B7F /* PBXTargetDependency */,
			);
			fileSystemSynchronizedGroups = (
				BB8992992D341B9700980B7F /* APODExplorerTests */,
			);
			name = APODExplorerTests;
			packageProductDependencies = (
			);
			productName = APODExplorerTests;
			productReference = BB8992962D341B9700980B7F /* APODExplorerTests.xctest */;
			productType = "com.apple.product-type.bundle.unit-test";
		};
		BB89929F2D341B9700980B7F /* APODExplorerUITests */ = {
			isa = PBXNativeTarget;
			buildConfigurationList = BB8992B12D341B9700980B7F /* Build configuration list for PBXNativeTarget "APODExplorerUITests" */;
			buildPhases = (
				BB89929C2D341B9700980B7F /* Sources */,
				BB89929D2D341B9700980B7F /* Frameworks */,
				BB89929E2D341B9700980B7F /* Resources */,
			);
			buildRules = (
			);
			dependencies = (
				BB8992A22D341B9700980B7F /* PBXTargetDependency */,
			);
			fileSystemSynchronizedGroups = (
				BB8992A32D341B9700980B7F /* APODExplorerUITests */,
			);
			name = APODExplorerUITests;
			packageProductDependencies = (
			);
			productName = APODExplorerUITests;
			productReference = BB8992A02D341B9700980B7F /* APODExplorerUITests.xctest */;
			productType = "com.apple.product-type.bundle.ui-testing";
		};
/* End PBXNativeTarget section */

/* Begin PBXProject section */
		BB8992782D341B9500980B7F /* Project object */ = {
			isa = PBXProject;
			attributes = {
				BuildIndependentTargetsInParallel = 1;
				LastSwiftUpdateCheck = 1610;
				LastUpgradeCheck = 1610;
				TargetAttributes = {
					BB89927F2D341B9500980B7F = {
						CreatedOnToolsVersion = 16.1;
					};
					BB8992952D341B9700980B7F = {
						CreatedOnToolsVersion = 16.1;
						TestTargetID = BB89927F2D341B9500980B7F;
					};
					BB89929F2D341B9700980B7F = {
						CreatedOnToolsVersion = 16.1;
						TestTargetID = BB89927F2D341B9500980B7F;
					};
				};
			};
			buildConfigurationList = BB89927B2D341B9500980B7F /* Build configuration list for PBXProject "APODExplorer" */;
			developmentRegion = en;
			hasScannedForEncodings = 0;
			knownRegions = (
				en,
				Base,
			);
			mainGroup = BB8992772D341B9500980B7F;
			minimizedProjectReferenceProxies = 1;
			preferredProjectObjectVersion = 77;
			productRefGroup = BB8992812D341B9500980B7F /* Products */;
			projectDirPath = "";
			projectRoot = "";
			targets = (
				BB89927F2D341B9500980B7F /* APODExplorer */,
				BB8992952D341B9700980B7F /* APODExplorerTests */,
				BB89929F2D341B9700980B7F /* APODExplorerUITests */,
			);
		};
/* End PBXProject section */

/* Begin PBXResourcesBuildPhase section */
		BB89927E2D341B9500980B7F /* Resources */ = {
			isa = PBXResourcesBuildPhase;
			buildActionMask = 2147483647;
			files = (
			);
			runOnlyForDeploymentPostprocessing = 0;
		};
		BB8992942D341B9700980B7F /* Resources */ = {
			isa = PBXResourcesBuildPhase;
			buildActionMask = 2147483647;
			files = (
			);
			runOnlyForDeploymentPostprocessing = 0;
		};
		BB89929E2D341B9700980B7F /* Resources */ = {
			isa = PBXResourcesBuildPhase;
			buildActionMask = 2147483647;
			files = (
			);
			runOnlyForDeploymentPostprocessing = 0;
		};
/* End PBXResourcesBuildPhase section */

/* Begin PBXSourcesBuildPhase section */
		BB89927C2D341B9500980B7F /* Sources */ = {
			isa = PBXSourcesBuildPhase;
			buildActionMask = 2147483647;
			files = (
			);
			runOnlyForDeploymentPostprocessing = 0;
		};
		BB8992922D341B9700980B7F /* Sources */ = {
			isa = PBXSourcesBuildPhase;
			buildActionMask = 2147483647;
			files = (
			);
			runOnlyForDeploymentPostprocessing = 0;
		};
		BB89929C2D341B9700980B7F /* Sources */ = {
			isa = PBXSourcesBuildPhase;
			buildActionMask = 2147483647;
			files = (
			);
			runOnlyForDeploymentPostprocessing = 0;
		};
/* End PBXSourcesBuildPhase section */

/* Begin PBXTargetDependency section */
		BB8992982D341B9700980B7F /* PBXTargetDependency */ = {
			isa = PBXTargetDependency;
			target = BB89927F2D341B9500980B7F /* APODExplorer */;
			targetProxy = BB8992972D341B9700980B7F /* PBXContainerItemProxy */;
		};
		BB8992A22D341B9700980B7F /* PBXTargetDependency */ = {
			isa = PBXTargetDependency;
			target = BB89927F2D341B9500980B7F /* APODExplorer */;
			targetProxy = BB8992A12D341B9700980B7F /* PBXContainerItemProxy */;
		};
/* End PBXTargetDependency section */

/* Begin XCBuildConfiguration section */
		BB8992AA2D341B9700980B7F /* Debug */ = {
			isa = XCBuildConfiguration;
			buildSettings = {
				ASSETCATALOG_COMPILER_APPICON_NAME = AppIcon;
				ASSETCATALOG_COMPILER_GLOBAL_ACCENT_COLOR_NAME = AccentColor;
				CODE_SIGN_STYLE = Automatic;
				CURRENT_PROJECT_VERSION = 1;
				DEVELOPMENT_TEAM = 4VQFVSHJ69;
				GENERATE_INFOPLIST_FILE = YES;
				INFOPLIST_FILE = APODExplorer/Info.plist;
				INFOPLIST_KEY_UIApplicationSupportsIndirectInputEvents = YES;
				INFOPLIST_KEY_UILaunchStoryboardName = LaunchScreen;
				INFOPLIST_KEY_UISupportedInterfaceOrientations_iPad = "UIInterfaceOrientationPortrait UIInterfaceOrientationPortraitUpsideDown UIInterfaceOrientationLandscapeLeft UIInterfaceOrientationLandscapeRight";
				INFOPLIST_KEY_UISupportedInterfaceOrientations_iPhone = "UIInterfaceOrientationPortrait UIInterfaceOrientationLandscapeLeft UIInterfaceOrientationLandscapeRight";
				LD_RUNPATH_SEARCH_PATHS = (
					"$(inherited)",
					"@executable_path/Frameworks",
				);
				MARKETING_VERSION = 1.0;
				PRODUCT_BUNDLE_IDENTIFIER = com.mikkel.APODExplorer;
				PRODUCT_NAME = "$(TARGET_NAME)";
				SWIFT_EMIT_LOC_STRINGS = YES;
				SWIFT_VERSION = 5.0;
				TARGETED_DEVICE_FAMILY = "1,2";
			};
			name = Debug;
		};
		BB8992AB2D341B9700980B7F /* Release */ = {
			isa = XCBuildConfiguration;
			buildSettings = {
				ASSETCATALOG_COMPILER_APPICON_NAME = AppIcon;
				ASSETCATALOG_COMPILER_GLOBAL_ACCENT_COLOR_NAME = AccentColor;
				CODE_SIGN_STYLE = Automatic;
				CURRENT_PROJECT_VERSION = 1;
				DEVELOPMENT_TEAM = 4VQFVSHJ69;
				GENERATE_INFOPLIST_FILE = YES;
				INFOPLIST_FILE = APODExplorer/Info.plist;
				INFOPLIST_KEY_UIApplicationSupportsIndirectInputEvents = YES;
				INFOPLIST_KEY_UILaunchStoryboardName = LaunchScreen;
				INFOPLIST_KEY_UISupportedInterfaceOrientations_iPad = "UIInterfaceOrientationPortrait UIInterfaceOrientationPortraitUpsideDown UIInterfaceOrientationLandscapeLeft UIInterfaceOrientationLandscapeRight";
				INFOPLIST_KEY_UISupportedInterfaceOrientations_iPhone = "UIInterfaceOrientationPortrait UIInterfaceOrientationLandscapeLeft UIInterfaceOrientationLandscapeRight";
				LD_RUNPATH_SEARCH_PATHS = (
					"$(inherited)",
					"@executable_path/Frameworks",
				);
				MARKETING_VERSION = 1.0;
				PRODUCT_BUNDLE_IDENTIFIER = com.mikkel.APODExplorer;
				PRODUCT_NAME = "$(TARGET_NAME)";
				SWIFT_EMIT_LOC_STRINGS = YES;
				SWIFT_VERSION = 5.0;
				TARGETED_DEVICE_FAMILY = "1,2";
			};
			name = Release;
		};
		BB8992AC2D341B9700980B7F /* Debug */ = {
			isa = XCBuildConfiguration;
			buildSettings = {
				ALWAYS_SEARCH_USER_PATHS = NO;
				ASSETCATALOG_COMPILER_GENERATE_SWIFT_ASSET_SYMBOL_EXTENSIONS = YES;
				CLANG_ANALYZER_NONNULL = YES;
				CLANG_ANALYZER_NUMBER_OBJECT_CONVERSION = YES_AGGRESSIVE;
				CLANG_CXX_LANGUAGE_STANDARD = "gnu++20";
				CLANG_ENABLE_MODULES = YES;
				CLANG_ENABLE_OBJC_ARC = YES;
				CLANG_ENABLE_OBJC_WEAK = YES;
				CLANG_WARN_BLOCK_CAPTURE_AUTORELEASING = YES;
				CLANG_WARN_BOOL_CONVERSION = YES;
				CLANG_WARN_COMMA = YES;
				CLANG_WARN_CONSTANT_CONVERSION = YES;
				CLANG_WARN_DEPRECATED_OBJC_IMPLEMENTATIONS = YES;
				CLANG_WARN_DIRECT_OBJC_ISA_USAGE = YES_ERROR;
				CLANG_WARN_DOCUMENTATION_COMMENTS = YES;
				CLANG_WARN_EMPTY_BODY = YES;
				CLANG_WARN_ENUM_CONVERSION = YES;
				CLANG_WARN_INFINITE_RECURSION = YES;
				CLANG_WARN_INT_CONVERSION = YES;
				CLANG_WARN_NON_LITERAL_NULL_CONVERSION = YES;
				CLANG_WARN_OBJC_IMPLICIT_RETAIN_SELF = YES;
				CLANG_WARN_OBJC_LITERAL_CONVERSION = YES;
				CLANG_WARN_OBJC_ROOT_CLASS = YES_ERROR;
				CLANG_WARN_QUOTED_INCLUDE_IN_FRAMEWORK_HEADER = YES;
				CLANG_WARN_RANGE_LOOP_ANALYSIS = YES;
				CLANG_WARN_STRICT_PROTOTYPES = YES;
				CLANG_WARN_SUSPICIOUS_MOVE = YES;
				CLANG_WARN_UNGUARDED_AVAILABILITY = YES_AGGRESSIVE;
				CLANG_WARN_UNREACHABLE_CODE = YES;
				CLANG_WARN__DUPLICATE_METHOD_MATCH = YES;
				COPY_PHASE_STRIP = NO;
				DEBUG_INFORMATION_FORMAT = dwarf;
				ENABLE_STRICT_OBJC_MSGSEND = YES;
				ENABLE_TESTABILITY = YES;
				ENABLE_USER_SCRIPT_SANDBOXING = YES;
				GCC_C_LANGUAGE_STANDARD = gnu17;
				GCC_DYNAMIC_NO_PIC = NO;
				GCC_NO_COMMON_BLOCKS = YES;
				GCC_OPTIMIZATION_LEVEL = 0;
				GCC_PREPROCESSOR_DEFINITIONS = (
					"DEBUG=1",
					"$(inherited)",
				);
				GCC_WARN_64_TO_32_BIT_CONVERSION = YES;
				GCC_WARN_ABOUT_RETURN_TYPE = YES_ERROR;
				GCC_WARN_UNDECLARED_SELECTOR = YES;
				GCC_WARN_UNINITIALIZED_AUTOS = YES_AGGRESSIVE;
				GCC_WARN_UNUSED_FUNCTION = YES;
				GCC_WARN_UNUSED_VARIABLE = YES;
				IPHONEOS_DEPLOYMENT_TARGET = 18.1;
				LOCALIZATION_PREFERS_STRING_CATALOGS = YES;
				MTL_ENABLE_DEBUG_INFO = INCLUDE_SOURCE;
				MTL_FAST_MATH = YES;
				ONLY_ACTIVE_ARCH = YES;
				SDKROOT = iphoneos;
				SWIFT_ACTIVE_COMPILATION_CONDITIONS = "DEBUG $(inherited)";
				SWIFT_OPTIMIZATION_LEVEL = "-Onone";
			};
			name = Debug;
		};
		BB8992AD2D341B9700980B7F /* Release */ = {
			isa = XCBuildConfiguration;
			buildSettings = {
				ALWAYS_SEARCH_USER_PATHS = NO;
				ASSETCATALOG_COMPILER_GENERATE_SWIFT_ASSET_SYMBOL_EXTENSIONS = YES;
				CLANG_ANALYZER_NONNULL = YES;
				CLANG_ANALYZER_NUMBER_OBJECT_CONVERSION = YES_AGGRESSIVE;
				CLANG_CXX_LANGUAGE_STANDARD = "gnu++20";
				CLANG_ENABLE_MODULES = YES;
				CLANG_ENABLE_OBJC_ARC = YES;
				CLANG_ENABLE_OBJC_WEAK = YES;
				CLANG_WARN_BLOCK_CAPTURE_AUTORELEASING = YES;
				CLANG_WARN_BOOL_CONVERSION = YES;
				CLANG_WARN_COMMA = YES;
				CLANG_WARN_CONSTANT_CONVERSION = YES;
				CLANG_WARN_DEPRECATED_OBJC_IMPLEMENTATIONS = YES;
				CLANG_WARN_DIRECT_OBJC_ISA_USAGE = YES_ERROR;
				CLANG_WARN_DOCUMENTATION_COMMENTS = YES;
				CLANG_WARN_EMPTY_BODY = YES;
				CLANG_WARN_ENUM_CONVERSION = YES;
				CLANG_WARN_INFINITE_RECURSION = YES;
				CLANG_WARN_INT_CONVERSION = YES;
				CLANG_WARN_NON_LITERAL_NULL_CONVERSION = YES;
				CLANG_WARN_OBJC_IMPLICIT_RETAIN_SELF = YES;
				CLANG_WARN_OBJC_LITERAL_CONVERSION = YES;
				CLANG_WARN_OBJC_ROOT_CLASS = YES_ERROR;
				CLANG_WARN_QUOTED_INCLUDE_IN_FRAMEWORK_HEADER = YES;
				CLANG_WARN_RANGE_LOOP_ANALYSIS = YES;
				CLANG_WARN_STRICT_PROTOTYPES = YES;
				CLANG_WARN_SUSPICIOUS_MOVE = YES;
				CLANG_WARN_UNGUARDED_AVAILABILITY = YES_AGGRESSIVE;
				CLANG_WARN_UNREACHABLE_CODE = YES;
				CLANG_WARN__DUPLICATE_METHOD_MATCH = YES;
				COPY_PHASE_STRIP = NO;
				DEBUG_INFORMATION_FORMAT = "dwarf-with-dsym";
				ENABLE_NS_ASSERTIONS = NO;
				ENABLE_STRICT_OBJC_MSGSEND = YES;
				ENABLE_USER_SCRIPT_SANDBOXING = YES;
				GCC_C_LANGUAGE_STANDARD = gnu17;
				GCC_NO_COMMON_BLOCKS = YES;
				GCC_WARN_64_TO_32_BIT_CONVERSION = YES;
				GCC_WARN_ABOUT_RETURN_TYPE = YES_ERROR;
				GCC_WARN_UNDECLARED_SELECTOR = YES;
				GCC_WARN_UNINITIALIZED_AUTOS = YES_AGGRESSIVE;
				GCC_WARN_UNUSED_FUNCTION = YES;
				GCC_WARN_UNUSED_VARIABLE = YES;
				IPHONEOS_DEPLOYMENT_TARGET = 18.1;
				LOCALIZATION_PREFERS_STRING_CATALOGS = YES;
				MTL_ENABLE_DEBUG_INFO = NO;
				MTL_FAST_MATH = YES;
				SDKROOT = iphoneos;
				SWIFT_COMPILATION_MODE = wholemodule;
				VALIDATE_PRODUCT = YES;
			};
			name = Release;
		};
		BB8992AF2D341B9700980B7F /* Debug */ = {
			isa = XCBuildConfiguration;
			buildSettings = {
				BUNDLE_LOADER = "$(TEST_HOST)";
				CODE_SIGN_STYLE = Automatic;
				CURRENT_PROJECT_VERSION = 1;
				DEVELOPMENT_TEAM = 4VQFVSHJ69;
				GENERATE_INFOPLIST_FILE = YES;
				IPHONEOS_DEPLOYMENT_TARGET = 18.1;
				MARKETING_VERSION = 1.0;
				PRODUCT_BUNDLE_IDENTIFIER = com.mikkel.APODExplorerTests;
				PRODUCT_NAME = "$(TARGET_NAME)";
				SWIFT_EMIT_LOC_STRINGS = NO;
				SWIFT_VERSION = 5.0;
				TARGETED_DEVICE_FAMILY = "1,2";
				TEST_HOST = "$(BUILT_PRODUCTS_DIR)/APODExplorer.app/$(BUNDLE_EXECUTABLE_FOLDER_PATH)/APODExplorer";
			};
			name = Debug;
		};
		BB8992B02D341B9700980B7F /* Release */ = {
			isa = XCBuildConfiguration;
			buildSettings = {
				BUNDLE_LOADER = "$(TEST_HOST)";
				CODE_SIGN_STYLE = Automatic;
				CURRENT_PROJECT_VERSION = 1;
				DEVELOPMENT_TEAM = 4VQFVSHJ69;
				GENERATE_INFOPLIST_FILE = YES;
				IPHONEOS_DEPLOYMENT_TARGET = 18.1;
				MARKETING_VERSION = 1.0;
				PRODUCT_BUNDLE_IDENTIFIER = com.mikkel.APODExplorerTests;
				PRODUCT_NAME = "$(TARGET_NAME)";
				SWIFT_EMIT_LOC_STRINGS = NO;
				SWIFT_VERSION = 5.0;
				TARGETED_DEVICE_FAMILY = "1,2";
				TEST_HOST = "$(BUILT_PRODUCTS_DIR)/APODExplorer.app/$(BUNDLE_EXECUTABLE_FOLDER_PATH)/APODExplorer";
			};
			name = Release;
		};
		BB8992B22D341B9700980B7F /* Debug */ = {
			isa = XCBuildConfiguration;
			buildSettings = {
				CODE_SIGN_STYLE = Automatic;
				CURRENT_PROJECT_VERSION = 1;
				DEVELOPMENT_TEAM = 4VQFVSHJ69;
				GENERATE_INFOPLIST_FILE = YES;
				MARKETING_VERSION = 1.0;
				PRODUCT_BUNDLE_IDENTIFIER = com.mikkel.APODExplorerUITests;
				PRODUCT_NAME = "$(TARGET_NAME)";
				SWIFT_EMIT_LOC_STRINGS = NO;
				SWIFT_VERSION = 5.0;
				TARGETED_DEVICE_FAMILY = "1,2";
				TEST_TARGET_NAME = APODExplorer;
			};
			name = Debug;
		};
		BB8992B32D341B9700980B7F /* Release */ = {
			isa = XCBuildConfiguration;
			buildSettings = {
				CODE_SIGN_STYLE = Automatic;
				CURRENT_PROJECT_VERSION = 1;
				DEVELOPMENT_TEAM = 4VQFVSHJ69;
				GENERATE_INFOPLIST_FILE = YES;
				MARKETING_VERSION = 1.0;
				PRODUCT_BUNDLE_IDENTIFIER = com.mikkel.APODExplorerUITests;
				PRODUCT_NAME = "$(TARGET_NAME)";
				SWIFT_EMIT_LOC_STRINGS = NO;
				SWIFT_VERSION = 5.0;
				TARGETED_DEVICE_FAMILY = "1,2";
				TEST_TARGET_NAME = APODExplorer;
			};
			name = Release;
		};
/* End XCBuildConfiguration section */

/* Begin XCConfigurationList section */
		BB89927B2D341B9500980B7F /* Build configuration list for PBXProject "APODExplorer" */ = {
			isa = XCConfigurationList;
			buildConfigurations = (
				BB8992AC2D341B9700980B7F /* Debug */,
				BB8992AD2D341B9700980B7F /* Release */,
			);
			defaultConfigurationIsVisible = 0;
			defaultConfigurationName = Release;
		};
		BB8992A92D341B9700980B7F /* Build configuration list for PBXNativeTarget "APODExplorer" */ = {
			isa = XCConfigurationList;
			buildConfigurations = (
				BB8992AA2D341B9700980B7F /* Debug */,
				BB8992AB2D341B9700980B7F /* Release */,
			);
			defaultConfigurationIsVisible = 0;
			defaultConfigurationName = Release;
		};
		BB8992AE2D341B9700980B7F /* Build configuration list for PBXNativeTarget "APODExplorerTests" */ = {
			isa = XCConfigurationList;
			buildConfigurations = (
				BB8992AF2D341B9700980B7F /* Debug */,
				BB8992B02D341B9700980B7F /* Release */,
			);
			defaultConfigurationIsVisible = 0;
			defaultConfigurationName = Release;
		};
		BB8992B12D341B9700980B7F /* Build configuration list for PBXNativeTarget "APODExplorerUITests" */ = {
			isa = XCConfigurationList;
			buildConfigurations = (
				BB8992B22D341B9700980B7F /* Debug */,
				BB8992B32D341B9700980B7F /* Release */,
			);
			defaultConfigurationIsVisible = 0;
			defaultConfigurationName = Release;
		};
/* End XCConfigurationList section */
	};
	rootObject = BB8992782D341B9500980B7F /* Project object */;
}
